
Microsoft Visual Studio Solution File, Format Version 12.00
# Visual Studio Version 17
VisualStudioVersion = 17.9.34723.18
MinimumVisualStudioVersion = 10.0.40219.1
Project("{9A19103F-16F7-4668-BE54-9A1E7A4F7556}") = "BlogPlatform.EFCore", "BlogPlatform.EFCore\BlogPlatform.EFCore.csproj", "{AF53F122-E442-46D1-A638-24856C8C69D8}"
EndProject
Project("{9A19103F-16F7-4668-BE54-9A1E7A4F7556}") = "BlogPlatform.Api", "BlogPlatform.Api\BlogPlatform.Api.csproj", "{C471F306-4CB2-4BBC-B4BE-3596711DFFBE}"
EndProject
Project("{9A19103F-16F7-4668-BE54-9A1E7A4F7556}") = "BlogPlatform.Api.Tests", "BlogPlatform.Api.Tests\BlogPlatform.Api.Tests.csproj", "{9296FAAF-3E70-4B6A-974E-414F3FBC9DD9}"
EndProject
Project("{9A19103F-16F7-4668-BE54-9A1E7A4F7556}") = "BlogPlatform.Api.IntegrationTest", "BlogPlatform.Api.IntegrationTest\BlogPlatform.Api.IntegrationTest.csproj", "{5766250D-F1D0-422E-B311-72640B4B63D3}"
EndProject
Project("{FAE04EC0-301F-11D3-BF4B-00C04F79EFBC}") = "BlogPlatform.Api.BrowserTests", "BlogPlatform.Api.BrowserTests\BlogPlatform.Api.BrowserTests.csproj", "{1F98BE66-3571-4656-BF6C-967EB15C67AC}"
EndProject
Global
	GlobalSection(SolutionConfigurationPlatforms) = preSolution
		Debug|Any CPU = Debug|Any CPU
		Release|Any CPU = Release|Any CPU
	EndGlobalSection
	GlobalSection(ProjectConfigurationPlatforms) = postSolution
		{AF53F122-E442-46D1-A638-24856C8C69D8}.Debug|Any CPU.ActiveCfg = Debug|Any CPU
		{AF53F122-E442-46D1-A638-24856C8C69D8}.Debug|Any CPU.Build.0 = Debug|Any CPU
		{AF53F122-E442-46D1-A638-24856C8C69D8}.Release|Any CPU.ActiveCfg = Release|Any CPU
		{AF53F122-E442-46D1-A638-24856C8C69D8}.Release|Any CPU.Build.0 = Release|Any CPU
		{C471F306-4CB2-4BBC-B4BE-3596711DFFBE}.Debug|Any CPU.ActiveCfg = Debug|Any CPU
		{C471F306-4CB2-4BBC-B4BE-3596711DFFBE}.Debug|Any CPU.Build.0 = Debug|Any CPU
		{C471F306-4CB2-4BBC-B4BE-3596711DFFBE}.Release|Any CPU.ActiveCfg = Release|Any CPU
		{C471F306-4CB2-4BBC-B4BE-3596711DFFBE}.Release|Any CPU.Build.0 = Release|Any CPU
		{9296FAAF-3E70-4B6A-974E-414F3FBC9DD9}.Debug|Any CPU.ActiveCfg = Debug|Any CPU
		{9296FAAF-3E70-4B6A-974E-414F3FBC9DD9}.Debug|Any CPU.Build.0 = Debug|Any CPU
		{9296FAAF-3E70-4B6A-974E-414F3FBC9DD9}.Release|Any CPU.ActiveCfg = Release|Any CPU
		{9296FAAF-3E70-4B6A-974E-414F3FBC9DD9}.Release|Any CPU.Build.0 = Release|Any CPU
		{5766250D-F1D0-422E-B311-72640B4B63D3}.Debug|Any CPU.ActiveCfg = Debug|Any CPU
		{5766250D-F1D0-422E-B311-72640B4B63D3}.Debug|Any CPU.Build.0 = Debug|Any CPU
		{5766250D-F1D0-422E-B311-72640B4B63D3}.Release|Any CPU.ActiveCfg = Release|Any CPU
		{5766250D-F1D0-422E-B311-72640B4B63D3}.Release|Any CPU.Build.0 = Release|Any CPU
		{1F98BE66-3571-4656-BF6C-967EB15C67AC}.Debug|Any CPU.ActiveCfg = Debug|Any CPU
		{1F98BE66-3571-4656-BF6C-967EB15C67AC}.Debug|Any CPU.Build.0 = Debug|Any CPU
		{1F98BE66-3571-4656-BF6C-967EB15C67AC}.Release|Any CPU.ActiveCfg = Release|Any CPU
		{1F98BE66-3571-4656-BF6C-967EB15C67AC}.Release|Any CPU.Build.0 = Release|Any CPU
	EndGlobalSection
	GlobalSection(SolutionProperties) = preSolution
		HideSolutionNode = FALSE
	EndGlobalSection
	GlobalSection(ExtensibilityGlobals) = postSolution
		SolutionGuid = {8900768B-05A4-4ABE-9CF8-7F5AB090F0AD}
	EndGlobalSection
EndGlobal
